
Microsoft Visual Studio Solution File, Format Version 12.00
# Visual Studio Version 17
VisualStudioVersion = 17.3.32825.248
MinimumVisualStudioVersion = 10.0.40219.1
Project("{9A19103F-16F7-4668-BE54-9A1E7A4F7556}") = "dnlib", "src\dnlib.csproj", "{18806857-5081-4362-84CF-BED802E205A8}"
EndProject
Project("{FAE04EC0-301F-11D3-BF4B-00C04F79EFBC}") = "Examples", "Examples\Examples.csproj", "{39B9FD12-6006-4537-A1B4-096DEACCFADD}"
EndProject
Global
	GlobalSection(SolutionConfigurationPlatforms) = preSolution
		Debug|Any CPU = Debug|Any CPU
		Release|Any CPU = Release|Any CPU
	EndGlobalSection
	GlobalSection(ProjectConfigurationPlatforms) = postSolution
		{18806857-5081-4362-84CF-BED802E205A8}.Debug|Any CPU.ActiveCfg = Debug|Any CPU
		{18806857-5081-4362-84CF-BED802E205A8}.Debug|Any CPU.Build.0 = Debug|Any CPU
		{18806857-5081-4362-84CF-BED802E205A8}.Release|Any CPU.ActiveCfg = Release|Any CPU
		{18806857-5081-4362-84CF-BED802E205A8}.Release|Any CPU.Build.0 = Release|Any CPU
		{39B9FD12-6006-4537-A1B4-096DEACCFADD}.Debug|Any CPU.ActiveCfg = Debug|Any CPU
		{39B9FD12-6006-4537-A1B4-096DEACCFADD}.Debug|Any CPU.Build.0 = Debug|Any CPU
		{39B9FD12-6006-4537-A1B4-096DEACCFADD}.Release|Any CPU.ActiveCfg = Release|Any CPU
		{39B9FD12-6006-4537-A1B4-096DEACCFADD}.Release|Any CPU.Build.0 = Release|Any CPU
	EndGlobalSection
	GlobalSection(SolutionProperties) = preSolution
		HideSolutionNode = FALSE
	EndGlobalSection
	GlobalSection(ExtensibilityGlobals) = postSolution
		SolutionGuid = {F98E9AE3-C8E1-41F7-9076-034F9F408800}
	EndGlobalSection
EndGlobal
